
Microsoft Visual Studio Solution File, Format Version 12.00
# Visual Studio Version 17
VisualStudioVersion = 17.5.002.0
MinimumVisualStudioVersion = 10.0.40219.1
Project("{9A19103F-16F7-4668-BE54-9A1E7A4F7556}") = "TOAO_application", "TOAO_application.csproj", "{117ABB05-BEC2-44FA-9229-A1F198AC8490}"
EndProject
Global
	GlobalSection(SolutionConfigurationPlatforms) = preSolution
		Debug|Any CPU = Debug|Any CPU
		Release|Any CPU = Release|Any CPU
	EndGlobalSection
	GlobalSection(ProjectConfigurationPlatforms) = postSolution
		{117ABB05-BEC2-44FA-9229-A1F198AC8490}.Debug|Any CPU.ActiveCfg = Debug|Any CPU
		{117ABB05-BEC2-44FA-9229-A1F198AC8490}.Debug|Any CPU.Build.0 = Debug|Any CPU
		{117ABB05-BEC2-44FA-9229-A1F198AC8490}.Release|Any CPU.ActiveCfg = Release|Any CPU
		{117ABB05-BEC2-44FA-9229-A1F198AC8490}.Release|Any CPU.Build.0 = Release|Any CPU
	EndGlobalSection
	GlobalSection(SolutionProperties) = preSolution
		HideSolutionNode = FALSE
	EndGlobalSection
	GlobalSection(ExtensibilityGlobals) = postSolution
		SolutionGuid = {3FCEFBD6-403D-4BA6-B009-7A462C864C9C}
	EndGlobalSection
EndGlobal
